
Microsoft Visual Studio Solution File, Format Version 12.00
# Visual Studio Version 17
VisualStudioVersion = 17.0.31903.59
MinimumVisualStudioVersion = 10.0.40219.1
Project("{2150E333-8FDC-42A3-9474-1A3956D46DE8}") = "src", "src", "{DB16A62E-7870-4F0B-931A-A6226445A6F1}"
EndProject
Project("{FAE04EC0-301F-11D3-BF4B-00C04F79EFBC}") = "Singleton", "src\Singleton\Singleton.csproj", "{54556FF0-065B-41BA-890F-4B33DEAC14C6}"
EndProject
Project("{FAE04EC0-301F-11D3-BF4B-00C04F79EFBC}") = "FactoryMethod", "src\FactoryMethod\FactoryMethod.csproj", "{65A96ECB-60AE-474B-8FE6-B7832E77CD04}"
EndProject
Project("{FAE04EC0-301F-11D3-BF4B-00C04F79EFBC}") = "AbstractFactory", "src\AbstractFactory\AbstractFactory.csproj", "{2D2F43DB-9E6F-4D23-BBD8-7BF52F9F0423}"
EndProject
Project("{FAE04EC0-301F-11D3-BF4B-00C04F79EFBC}") = "Builder", "src\Builder\Builder.csproj", "{6F64254C-5FF8-41C8-A411-3A2E121452F2}"
EndProject
Global
	GlobalSection(SolutionConfigurationPlatforms) = preSolution
		Debug|Any CPU = Debug|Any CPU
		Release|Any CPU = Release|Any CPU
	EndGlobalSection
	GlobalSection(SolutionProperties) = preSolution
		HideSolutionNode = FALSE
	EndGlobalSection
	GlobalSection(ProjectConfigurationPlatforms) = postSolution
		{54556FF0-065B-41BA-890F-4B33DEAC14C6}.Debug|Any CPU.ActiveCfg = Debug|Any CPU
		{54556FF0-065B-41BA-890F-4B33DEAC14C6}.Debug|Any CPU.Build.0 = Debug|Any CPU
		{54556FF0-065B-41BA-890F-4B33DEAC14C6}.Release|Any CPU.ActiveCfg = Release|Any CPU
		{54556FF0-065B-41BA-890F-4B33DEAC14C6}.Release|Any CPU.Build.0 = Release|Any CPU
		{65A96ECB-60AE-474B-8FE6-B7832E77CD04}.Debug|Any CPU.ActiveCfg = Debug|Any CPU
		{65A96ECB-60AE-474B-8FE6-B7832E77CD04}.Debug|Any CPU.Build.0 = Debug|Any CPU
		{65A96ECB-60AE-474B-8FE6-B7832E77CD04}.Release|Any CPU.ActiveCfg = Release|Any CPU
		{65A96ECB-60AE-474B-8FE6-B7832E77CD04}.Release|Any CPU.Build.0 = Release|Any CPU
		{2D2F43DB-9E6F-4D23-BBD8-7BF52F9F0423}.Debug|Any CPU.ActiveCfg = Debug|Any CPU
		{2D2F43DB-9E6F-4D23-BBD8-7BF52F9F0423}.Debug|Any CPU.Build.0 = Debug|Any CPU
		{2D2F43DB-9E6F-4D23-BBD8-7BF52F9F0423}.Release|Any CPU.ActiveCfg = Release|Any CPU
		{2D2F43DB-9E6F-4D23-BBD8-7BF52F9F0423}.Release|Any CPU.Build.0 = Release|Any CPU
		{6F64254C-5FF8-41C8-A411-3A2E121452F2}.Debug|Any CPU.ActiveCfg = Debug|Any CPU
		{6F64254C-5FF8-41C8-A411-3A2E121452F2}.Debug|Any CPU.Build.0 = Debug|Any CPU
		{6F64254C-5FF8-41C8-A411-3A2E121452F2}.Release|Any CPU.ActiveCfg = Release|Any CPU
		{6F64254C-5FF8-41C8-A411-3A2E121452F2}.Release|Any CPU.Build.0 = Release|Any CPU
	EndGlobalSection
	GlobalSection(NestedProjects) = preSolution
		{54556FF0-065B-41BA-890F-4B33DEAC14C6} = {DB16A62E-7870-4F0B-931A-A6226445A6F1}
		{65A96ECB-60AE-474B-8FE6-B7832E77CD04} = {DB16A62E-7870-4F0B-931A-A6226445A6F1}
		{2D2F43DB-9E6F-4D23-BBD8-7BF52F9F0423} = {DB16A62E-7870-4F0B-931A-A6226445A6F1}
		{6F64254C-5FF8-41C8-A411-3A2E121452F2} = {DB16A62E-7870-4F0B-931A-A6226445A6F1}
	EndGlobalSection
EndGlobal
